
Microsoft Visual Studio Solution File, Format Version 12.00
# Visual Studio Version 17
VisualStudioVersion = 17.6.33815.320
MinimumVisualStudioVersion = 10.0.40219.1
Project("{FAE04EC0-301F-11D3-BF4B-00C04F79EFBC}") = "RNG game", "RNG game\RNG game.csproj", "{834C7D42-E650-4A2E-81E8-A6646A650A50}"
EndProject
Global
	GlobalSection(SolutionConfigurationPlatforms) = preSolution
		Debug|Any CPU = Debug|Any CPU
		Release|Any CPU = Release|Any CPU
	EndGlobalSection
	GlobalSection(ProjectConfigurationPlatforms) = postSolution
		{834C7D42-E650-4A2E-81E8-A6646A650A50}.Debug|Any CPU.ActiveCfg = Debug|Any CPU
		{834C7D42-E650-4A2E-81E8-A6646A650A50}.Debug|Any CPU.Build.0 = Debug|Any CPU
		{834C7D42-E650-4A2E-81E8-A6646A650A50}.Release|Any CPU.ActiveCfg = Release|Any CPU
		{834C7D42-E650-4A2E-81E8-A6646A650A50}.Release|Any CPU.Build.0 = Release|Any CPU
	EndGlobalSection
	GlobalSection(SolutionProperties) = preSolution
		HideSolutionNode = FALSE
	EndGlobalSection
	GlobalSection(ExtensibilityGlobals) = postSolution
		SolutionGuid = {D45AC732-C227-44CF-84C2-5A0ED79080FC}
	EndGlobalSection
EndGlobal
